
Microsoft Visual Studio Solution File, Format Version 12.00
# Visual Studio Version 17
VisualStudioVersion = 17.1.32414.318
MinimumVisualStudioVersion = 10.0.40219.1
Project("{FAE04EC0-301F-11D3-BF4B-00C04F79EFBC}") = "Calculator.Library", "Calculator.Library\Calculator.Library.csproj", "{4EEBED59-0ECA-4926-BC58-2D2992D92640}"
EndProject
Project("{FAE04EC0-301F-11D3-BF4B-00C04F79EFBC}") = "Calculator.Test", "Calculator.Test\Calculator.Test.csproj", "{18168418-546E-47E5-AF65-8A8C386B7582}"
EndProject
Project("{FAE04EC0-301F-11D3-BF4B-00C04F79EFBC}") = "Calculator.Konsole", "Calculator.Konsole\Calculator.Konsole.csproj", "{3506F0AF-9C50-4981-8340-4FED477C8D22}"
EndProject
Global
	GlobalSection(SolutionConfigurationPlatforms) = preSolution
		Debug|Any CPU = Debug|Any CPU
		Release|Any CPU = Release|Any CPU
	EndGlobalSection
	GlobalSection(ProjectConfigurationPlatforms) = postSolution
		{4EEBED59-0ECA-4926-BC58-2D2992D92640}.Debug|Any CPU.ActiveCfg = Debug|Any CPU
		{4EEBED59-0ECA-4926-BC58-2D2992D92640}.Debug|Any CPU.Build.0 = Debug|Any CPU
		{4EEBED59-0ECA-4926-BC58-2D2992D92640}.Release|Any CPU.ActiveCfg = Release|Any CPU
		{4EEBED59-0ECA-4926-BC58-2D2992D92640}.Release|Any CPU.Build.0 = Release|Any CPU
		{18168418-546E-47E5-AF65-8A8C386B7582}.Debug|Any CPU.ActiveCfg = Debug|Any CPU
		{18168418-546E-47E5-AF65-8A8C386B7582}.Debug|Any CPU.Build.0 = Debug|Any CPU
		{18168418-546E-47E5-AF65-8A8C386B7582}.Release|Any CPU.ActiveCfg = Release|Any CPU
		{18168418-546E-47E5-AF65-8A8C386B7582}.Release|Any CPU.Build.0 = Release|Any CPU
		{3506F0AF-9C50-4981-8340-4FED477C8D22}.Debug|Any CPU.ActiveCfg = Debug|Any CPU
		{3506F0AF-9C50-4981-8340-4FED477C8D22}.Debug|Any CPU.Build.0 = Debug|Any CPU
		{3506F0AF-9C50-4981-8340-4FED477C8D22}.Release|Any CPU.ActiveCfg = Release|Any CPU
		{3506F0AF-9C50-4981-8340-4FED477C8D22}.Release|Any CPU.Build.0 = Release|Any CPU
	EndGlobalSection
	GlobalSection(SolutionProperties) = preSolution
		HideSolutionNode = FALSE
	EndGlobalSection
	GlobalSection(ExtensibilityGlobals) = postSolution
		SolutionGuid = {0D0FD33A-C6E0-4C5A-8C07-4D4DDE25E3C6}
	EndGlobalSection
EndGlobal
